
Microsoft Visual Studio Solution File, Format Version 12.00
# Visual Studio Version 17
VisualStudioVersion = 17.9.34616.47
MinimumVisualStudioVersion = 10.0.40219.1
Project("{FAE04EC0-301F-11D3-BF4B-00C04F79EFBC}") = "666", "666\666.csproj", "{3E43EFA8-419A-4F9D-9B3A-1D6DD6BB36EF}"
EndProject
Global
	GlobalSection(SolutionConfigurationPlatforms) = preSolution
		Debug|Any CPU = Debug|Any CPU
		Release|Any CPU = Release|Any CPU
	EndGlobalSection
	GlobalSection(ProjectConfigurationPlatforms) = postSolution
		{3E43EFA8-419A-4F9D-9B3A-1D6DD6BB36EF}.Debug|Any CPU.ActiveCfg = Debug|Any CPU
		{3E43EFA8-419A-4F9D-9B3A-1D6DD6BB36EF}.Debug|Any CPU.Build.0 = Debug|Any CPU
		{3E43EFA8-419A-4F9D-9B3A-1D6DD6BB36EF}.Release|Any CPU.ActiveCfg = Release|Any CPU
		{3E43EFA8-419A-4F9D-9B3A-1D6DD6BB36EF}.Release|Any CPU.Build.0 = Release|Any CPU
	EndGlobalSection
	GlobalSection(SolutionProperties) = preSolution
		HideSolutionNode = FALSE
	EndGlobalSection
	GlobalSection(ExtensibilityGlobals) = postSolution
		SolutionGuid = {36A278D9-4F23-454D-8268-9848DE8C3163}
	EndGlobalSection
EndGlobal
